NeoBundleLock AnsiEsc.vim 719291acbe7e8143150a197279be22caeee71c53
NeoBundleLock lightline.vim 719291acbe7e8143150a197279be22caeee71c53
NeoBundleLock neobundle.vim 30c40ccbfc6371fb922eece6e0657eb5da9e479b
NeoBundleLock neomru.vim 719291acbe7e8143150a197279be22caeee71c53
NeoBundleLock nerdtree 719291acbe7e8143150a197279be22caeee71c53
NeoBundleLock tcomment_vim 719291acbe7e8143150a197279be22caeee71c53
NeoBundleLock unite.vim 719291acbe7e8143150a197279be22caeee71c53
NeoBundleLock vim-endwise 719291acbe7e8143150a197279be22caeee71c53
NeoBundleLock vim-fugitive 719291acbe7e8143150a197279be22caeee71c53
NeoBundleLock vim-indent-guides 719291acbe7e8143150a197279be22caeee71c53
NeoBundleLock vim-surround 719291acbe7e8143150a197279be22caeee71c53
NeoBundleLock vim-trailing-whitespace 719291acbe7e8143150a197279be22caeee71c53
